<?xml version="1.0" encoding="utf-8"?>
<Project ToolsVersion="4.0" xmlns="http://schemas.microsoft.com/developer/msbuild/2003">
  <ItemGroup>
    <Filter Include="Source Files">
      <UniqueIdentifier>{4FC737F1-C7A5-4376-A066-2A32D752A2FF}</UniqueIdentifier>
      <Extensions>cpp;c;cc;cxx;def;odl;idl;hpj;bat;asm;asmx</Extensions>
    </Filter>
    <Filter Include="Header Files">
      <UniqueIdentifier>{93995380-89BD-4b04-88EB-625FBE52EBFB}</UniqueIdentifier>
      <Extensions>h;hpp;hxx;hm;inl;inc;xsd</Extensions>
    </Filter>
    <Filter Include="Resource Files">
      <UniqueIdentifier>{67DA6AB6-F800-4c08-8B7A-83BB121AAD01}</UniqueIdentifier>
      <Extensions>rc;ico;cur;bmp;dlg;rc2;rct;bin;rgs;gif;jpg;jpeg;jpe;resx;tiff;tif;png;wav</Extensions>
    </Filter>
    <Filter Include="Source Files\GameState">
      <UniqueIdentifier>{8d961622-9744-4b8d-88e2-2e15c5b8f18c}</UniqueIdentifier>
    </Filter>
    <Filter Include="Source Files\MenuItem">
      <UniqueIdentifier>{d67e6eff-4c36-46d4-9172-79e4f64a853b}</UniqueIdentifier>
    </Filter>
    <Filter Include="Header Files\GameState">
      <UniqueIdentifier>{8e08149d-26ad-409e-a997-116c3f9b76cb}</UniqueIdentifier>
    </Filter>
    <Filter Include="Header Files\MenuItem">
      <UniqueIdentifier>{dd9bcfa3-0c6d-4383-acd0-d0b5b944d868}</UniqueIdentifier>
    </Filter>
    <Filter Include="Header Files\Block">
      <UniqueIdentifier>{8beaf456-f2b3-4503-8e4b-9dd746bd2619}</UniqueIdentifier>
    </Filter>
    <Filter Include="Header Files\World">
      <UniqueIdentifier>{68b7c07d-585d-4d07-b075-c5f3f8026e5f}</UniqueIdentifier>
    </Filter>
    <Filter Include="Source Files\Block">
      <UniqueIdentifier>{63c996ed-eb63-4e3f-8acf-7ead17c4cb75}</UniqueIdentifier>
    </Filter>
    <Filter Include="Source Files\World">
      <UniqueIdentifier>{10ea5740-1900-4a13-b9da-cde340a2c968}</UniqueIdentifier>
    </Filter>
    <Filter Include="Source Files\Entity">
      <UniqueIdentifier>{1361f09e-420e-4f77-b7f5-82d8b12d87e5}</UniqueIdentifier>
    </Filter>
    <Filter Include="Source Files\Entity\Creature">
      <UniqueIdentifier>{748b2a5a-0f02-47e5-9237-87ea3791f2f0}</UniqueIdentifier>
    </Filter>
    <Filter Include="Header Files\Entity">
      <UniqueIdentifier>{7326553e-efb4-40d5-8947-f98747ae5248}</UniqueIdentifier>
    </Filter>
    <Filter Include="Header Files\Entity\Creature">
      <UniqueIdentifier>{cf4be33f-685d-48c9-b81c-875471f6a527}</UniqueIdentifier>
    </Filter>
    <Filter Include="Source Files\Network">
      <UniqueIdentifier>{d719da3f-3b61-4d48-aeec-94434b40724b}</UniqueIdentifier>
    </Filter>
    <Filter Include="Header Files\Network">
      <UniqueIdentifier>{aedd41a3-ab91-47c0-9c27-66f317cdddcc}</UniqueIdentifier>
    </Filter>
  </ItemGroup>
  <ItemGroup>
    <ClCompile Include="main.cpp">
      <Filter>Source Files</Filter>
    </ClCompile>
    <ClCompile Include="MenuItem.cpp">
      <Filter>Source Files\MenuItem</Filter>
    </ClCompile>
    <ClCompile Include="Label.cpp">
      <Filter>Source Files\MenuItem</Filter>
    </ClCompile>
    <ClCompile Include="PlayState.cpp">
      <Filter>Source Files\GameState</Filter>
    </ClCompile>
    <ClCompile Include="MenuState.cpp">
      <Filter>Source Files\GameState</Filter>
    </ClCompile>
    <ClCompile Include="Menu.cpp">
      <Filter>Source Files\GameState</Filter>
    </ClCompile>
    <ClCompile Include="MainMenu.cpp">
      <Filter>Source Files\GameState</Filter>
    </ClCompile>
    <ClCompile Include="Creature.cpp">
      <Filter>Source Files\Entity\Creature</Filter>
    </ClCompile>
    <ClCompile Include="Player.cpp">
      <Filter>Source Files\Entity\Creature</Filter>
    </ClCompile>
    <ClCompile Include="Monster.cpp">
      <Filter>Source Files\Entity\Creature</Filter>
    </ClCompile>
    <ClCompile Include="Block.cpp">
      <Filter>Source Files\Block</Filter>
    </ClCompile>
    <ClCompile Include="BlockSolid.cpp">
      <Filter>Source Files\Block</Filter>
    </ClCompile>
    <ClCompile Include="Chunk.cpp">
      <Filter>Source Files\World</Filter>
    </ClCompile>
    <ClCompile Include="World.cpp">
      <Filter>Source Files\World</Filter>
    </ClCompile>
    <ClCompile Include="TextureContainer.cpp">
      <Filter>Source Files</Filter>
    </ClCompile>
    <ClCompile Include="Camera.cpp">
      <Filter>Source Files</Filter>
    </ClCompile>
    <ClCompile Include="BlockGravity.cpp">
      <Filter>Source Files\Block</Filter>
    </ClCompile>
    <ClCompile Include="BlockBackground.cpp">
      <Filter>Source Files\Block</Filter>
    </ClCompile>
    <ClCompile Include="InGameUI.cpp">
      <Filter>Source Files\MenuItem</Filter>
    </ClCompile>
    <ClCompile Include="Projectile.cpp">
      <Filter>Source Files\Entity</Filter>
    </ClCompile>
    <ClCompile Include="Entity.cpp">
      <Filter>Source Files\Entity</Filter>
    </ClCompile>
    <ClCompile Include="App.cpp">
      <Filter>Source Files</Filter>
    </ClCompile>
    <ClCompile Include="ServerState.cpp">
      <Filter>Source Files\GameState</Filter>
    </ClCompile>
    <ClCompile Include="ServerConnection.cpp">
      <Filter>Source Files\Network</Filter>
    </ClCompile>
    <ClCompile Include="Connection.cpp">
      <Filter>Source Files\Network</Filter>
    </ClCompile>
  </ItemGroup>
  <ItemGroup>
    <ClInclude Include="MenuItem.h">
      <Filter>Header Files\MenuItem</Filter>
    </ClInclude>
    <ClInclude Include="Label.h">
      <Filter>Header Files\MenuItem</Filter>
    </ClInclude>
    <ClInclude Include="Monster.h">
      <Filter>Header Files\Entity\Creature</Filter>
    </ClInclude>
    <ClInclude Include="GameState.h">
      <Filter>Header Files\GameState</Filter>
    </ClInclude>
    <ClInclude Include="MainMenu.h">
      <Filter>Header Files\GameState</Filter>
    </ClInclude>
    <ClInclude Include="Menu.h">
      <Filter>Header Files\GameState</Filter>
    </ClInclude>
    <ClInclude Include="MenuState.h">
      <Filter>Header Files\GameState</Filter>
    </ClInclude>
    <ClInclude Include="PlayState.h">
      <Filter>Header Files\GameState</Filter>
    </ClInclude>
    <ClInclude Include="Creature.h">
      <Filter>Header Files\Entity\Creature</Filter>
    </ClInclude>
    <ClInclude Include="Player.h">
      <Filter>Header Files\Entity\Creature</Filter>
    </ClInclude>
    <ClInclude Include="Block.h">
      <Filter>Header Files\Block</Filter>
    </ClInclude>
    <ClInclude Include="BlockSolid.h">
      <Filter>Header Files\Block</Filter>
    </ClInclude>
    <ClInclude Include="Chunk.h">
      <Filter>Header Files\World</Filter>
    </ClInclude>
    <ClInclude Include="World.h">
      <Filter>Header Files\World</Filter>
    </ClInclude>
    <ClInclude Include="TextureContainer.h">
      <Filter>Header Files</Filter>
    </ClInclude>
    <ClInclude Include="Camera.h">
      <Filter>Header Files</Filter>
    </ClInclude>
    <ClInclude Include="BlockGravity.h">
      <Filter>Header Files\Block</Filter>
    </ClInclude>
    <ClInclude Include="BlockBackground.h">
      <Filter>Header Files\Block</Filter>
    </ClInclude>
    <ClInclude Include="InGameUI.h">
      <Filter>Header Files\MenuItem</Filter>
    </ClInclude>
    <ClInclude Include="Entity.h">
      <Filter>Header Files\Entity</Filter>
    </ClInclude>
    <ClInclude Include="Projectile.h">
      <Filter>Header Files\Entity</Filter>
    </ClInclude>
    <ClInclude Include="App.h">
      <Filter>Header Files</Filter>
    </ClInclude>
    <ClInclude Include="ServerState.h">
      <Filter>Header Files\GameState</Filter>
    </ClInclude>
    <ClInclude Include="ServerConnection.h">
      <Filter>Header Files\Network</Filter>
    </ClInclude>
    <ClInclude Include="Connection.h">
      <Filter>Header Files\Network</Filter>
    </ClInclude>
    <ClInclude Include="Client.h">
      <Filter>Header Files</Filter>
    </ClInclude>
    <ClInclude Include="MessageType.h">
      <Filter>Header Files\Network</Filter>
    </ClInclude>
  </ItemGroup>
  <ItemGroup>
    <None Include="PropertySheet1.props" />
  </ItemGroup>
</Project>